// !$*UTF8*$!
{
	archiveVersion = 1;
	classes = {
	};
	objectVersion = 46;
	objects = {

/* Begin PBXBuildFile section */
		180254961D45BB6400E39B21 /* UIView+ViewFrameAccessor.m in Sources */ = {isa = PBXBuildFile; fileRef = 180254951D45BB6400E39B21 /* UIView+ViewFrameAccessor.m */; };
		180254991D45BB7A00E39B21 /* UIScrollView+FrameAccessor.m in Sources */ = {isa = PBXBuildFile; fileRef = 180254981D45BB7A00E39B21 /* UIScrollView+FrameAccessor.m */; };
		1802549D1D45E65100E39B21 /* V2SettingManager.m in Sources */ = {isa = PBXBuildFile; fileRef = 1802549C1D45E65100E39B21 /* V2SettingManager.m */; };
		180254A01D45F48100E39B21 /* V2DataManager.m in Sources */ = {isa = PBXBuildFile; fileRef = 1802549F1D45F48100E39B21 /* V2DataManager.m */; };
		180254B11D46006500E39B21 /* SCBarButtonItem.m in Sources */ = {isa = PBXBuildFile; fileRef = 180254A31D46006500E39B21 /* SCBarButtonItem.m */; };
		180254B21D46006500E39B21 /* SCNavigationController.m in Sources */ = {isa = PBXBuildFile; fileRef = 180254A61D46006500E39B21 /* SCNavigationController.m */; };
		180254B31D46006500E39B21 /* SCNavigationItem.m in Sources */ = {isa = PBXBuildFile; fileRef = 180254A81D46006500E39B21 /* SCNavigationItem.m */; };
		180254B41D46006500E39B21 /* SCNavigationPopAnimation.m in Sources */ = {isa = PBXBuildFile; fileRef = 180254AA1D46006500E39B21 /* SCNavigationPopAnimation.m */; };
		180254B51D46006500E39B21 /* SCNavigationPushAnimation.m in Sources */ = {isa = PBXBuildFile; fileRef = 180254AC1D46006500E39B21 /* SCNavigationPushAnimation.m */; };
		180254B61D46006500E39B21 /* SCViewController+NaviBar.m in Sources */ = {isa = PBXBuildFile; fileRef = 180254AE1D46006500E39B21 /* SCViewController+NaviBar.m */; };
		180254B71D46006500E39B21 /* V2NavigationBar.m in Sources */ = {isa = PBXBuildFile; fileRef = 180254B01D46006500E39B21 /* V2NavigationBar.m */; };
		180254BC1D46014E00E39B21 /* EXTScope.m in Sources */ = {isa = PBXBuildFile; fileRef = 180254BA1D46014E00E39B21 /* EXTScope.m */; };
		180254C01D46034100E39B21 /* UIImage+Tint.m in Sources */ = {isa = PBXBuildFile; fileRef = 180254BF1D46034100E39B21 /* UIImage+Tint.m */; };
		180254C31D46035000E39B21 /* UIImage+Cache.m in Sources */ = {isa = PBXBuildFile; fileRef = 180254C21D46035000E39B21 /* UIImage+Cache.m */; };
		180254C61D46037100E39B21 /* V2Helper.m in Sources */ = {isa = PBXBuildFile; fileRef = 180254C51D46037100E39B21 /* V2Helper.m */; };
		18C3AC781D41FABF001FE82B /* main.m in Sources */ = {isa = PBXBuildFile; fileRef = 18C3AC771D41FABF001FE82B /* main.m */; };
		18C3AC7B1D41FABF001FE82B /* AppDelegate.m in Sources */ = {isa = PBXBuildFile; fileRef = 18C3AC7A1D41FABF001FE82B /* AppDelegate.m */; };
		18C3AC7E1D41FABF001FE82B /* ViewController.m in Sources */ = {isa = PBXBuildFile; fileRef = 18C3AC7D1D41FABF001FE82B /* ViewController.m */; };
		18C3AC811D41FABF001FE82B /* Main.storyboard in Resources */ = {isa = PBXBuildFile; fileRef = 18C3AC7F1D41FABF001FE82B /* Main.storyboard */; };
		18C3AC831D41FABF001FE82B /* Assets.xcassets in Resources */ = {isa = PBXBuildFile; fileRef = 18C3AC821D41FABF001FE82B /* Assets.xcassets */; };
		18C3AC861D41FABF001FE82B /* LaunchScreen.storyboard in Resources */ = {isa = PBXBuildFile; fileRef = 18C3AC841D41FABF001FE82B /* LaunchScreen.storyboard */; };
		18E4D2231D45AAF40081FCC0 /* V2RootViewController.m in Sources */ = {isa = PBXBuildFile; fileRef = 18E4D2221D45AAF40081FCC0 /* V2RootViewController.m */; };
		18E4D2261D45AB0F0081FCC0 /* V2LoginViewController.m in Sources */ = {isa = PBXBuildFile; fileRef = 18E4D2251D45AB0F0081FCC0 /* V2LoginViewController.m */; };
		18E4D22B1D45AB930081FCC0 /* SCPullRefreshViewController.m in Sources */ = {isa = PBXBuildFile; fileRef = 18E4D22A1D45AB930081FCC0 /* SCPullRefreshViewController.m */; };
		18E4D22E1D45ABB30081FCC0 /* SCAnimationView.m in Sources */ = {isa = PBXBuildFile; fileRef = 18E4D22D1D45ABB30081FCC0 /* SCAnimationView.m */; };
		18E4D2351D45AE8E0081FCC0 /* CAAnimation+BlocksAddition.m in Sources */ = {isa = PBXBuildFile; fileRef = 18E4D2341D45AE8E0081FCC0 /* CAAnimation+BlocksAddition.m */; };
		18E4D2381D45AED10081FCC0 /* V2SettingViewController.m in Sources */ = {isa = PBXBuildFile; fileRef = 18E4D2371D45AED10081FCC0 /* V2SettingViewController.m */; };
		F000FF0220D54083F3FD4562 /* libPods-V2ex_learning.a in Frameworks */ = {isa = PBXBuildFile; fileRef = 5456D5395E97339A3073D58F /* libPods-V2ex_learning.a */; };
/* End PBXBuildFile section */

/* Begin PBXFileReference section */
		180254941D45BB6400E39B21 /* UIView+ViewFrameAccessor.h */ = {isa = PBXFileReference; fileEncoding = 4; lastKnownFileType = sourcecode.c.h; path = "UIView+ViewFrameAccessor.h"; sourceTree = "<group>"; };
		180254951D45BB6400E39B21 /* UIView+ViewFrameAccessor.m */ = {isa = PBXFileReference; fileEncoding = 4; lastKnownFileType = sourcecode.c.objc; path = "UIView+ViewFrameAccessor.m"; sourceTree = "<group>"; };
		180254971D45BB7A00E39B21 /* UIScrollView+FrameAccessor.h */ = {isa = PBXFileReference; fileEncoding = 4; lastKnownFileType = sourcecode.c.h; path = "UIScrollView+FrameAccessor.h"; sourceTree = "<group>"; };
		180254981D45BB7A00E39B21 /* UIScrollView+FrameAccessor.m */ = {isa = PBXFileReference; fileEncoding = 4; lastKnownFileType = sourcecode.c.objc; path = "UIScrollView+FrameAccessor.m"; sourceTree = "<group>"; };
		1802549A1D45BB8A00E39B21 /* FrameAccessor.h */ = {isa = PBXFileReference; fileEncoding = 4; lastKnownFileType = sourcecode.c.h; path = FrameAccessor.h; sourceTree = "<group>"; };
		1802549B1D45E65100E39B21 /* V2SettingManager.h */ = {isa = PBXFileReference; fileEncoding = 4; lastKnownFileType = sourcecode.c.h; path = V2SettingManager.h; sourceTree = "<group>"; };
		1802549C1D45E65100E39B21 /* V2SettingManager.m */ = {isa = PBXFileReference; fileEncoding = 4; lastKnownFileType = sourcecode.c.objc; path = V2SettingManager.m; sourceTree = "<group>"; };
		1802549E1D45F48100E39B21 /* V2DataManager.h */ = {isa = PBXFileReference; fileEncoding = 4; lastKnownFileType = sourcecode.c.h; path = V2DataManager.h; sourceTree = "<group>"; };
		1802549F1D45F48100E39B21 /* V2DataManager.m */ = {isa = PBXFileReference; fileEncoding = 4; lastKnownFileType = sourcecode.c.objc; path = V2DataManager.m; sourceTree = "<group>"; };
		180254A21D46006500E39B21 /* SCBarButtonItem.h */ = {isa = PBXFileReference; fileEncoding = 4; lastKnownFileType = sourcecode.c.h; path = SCBarButtonItem.h; sourceTree = "<group>"; };
		180254A31D46006500E39B21 /* SCBarButtonItem.m */ = {isa = PBXFileReference; fileEncoding = 4; lastKnownFileType = sourcecode.c.objc; path = SCBarButtonItem.m; sourceTree = "<group>"; };
		180254A41D46006500E39B21 /* SCNavigation.h */ = {isa = PBXFileReference; fileEncoding = 4; lastKnownFileType = sourcecode.c.h; path = SCNavigation.h; sourceTree = "<group>"; };
		180254A51D46006500E39B21 /* SCNavigationController.h */ = {isa = PBXFileReference; fileEncoding = 4; lastKnownFileType = sourcecode.c.h; path = SCNavigationController.h; sourceTree = "<group>"; };
		180254A61D46006500E39B21 /* SCNavigationController.m */ = {isa = PBXFileReference; fileEncoding = 4; lastKnownFileType = sourcecode.c.objc; path = SCNavigationController.m; sourceTree = "<group>"; };
		180254A71D46006500E39B21 /* SCNavigationItem.h */ = {isa = PBXFileReference; fileEncoding = 4; lastKnownFileType = sourcecode.c.h; path = SCNavigationItem.h; sourceTree = "<group>"; };
		180254A81D46006500E39B21 /* SCNavigationItem.m */ = {isa = PBXFileReference; fileEncoding = 4; lastKnownFileType = sourcecode.c.objc; path = SCNavigationItem.m; sourceTree = "<group>"; };
		180254A91D46006500E39B21 /* SCNavigationPopAnimation.h */ = {isa = PBXFileReference; fileEncoding = 4; lastKnownFileType = sourcecode.c.h; path = SCNavigationPopAnimation.h; sourceTree = "<group>"; };
		180254AA1D46006500E39B21 /* SCNavigationPopAnimation.m */ = {isa = PBXFileReference; fileEncoding = 4; lastKnownFileType = sourcecode.c.objc; path = SCNavigationPopAnimation.m; sourceTree = "<group>"; };
		180254AB1D46006500E39B21 /* SCNavigationPushAnimation.h */ = {isa = PBXFileReference; fileEncoding = 4; lastKnownFileType = sourcecode.c.h; path = SCNavigationPushAnimation.h; sourceTree = "<group>"; };
		180254AC1D46006500E39B21 /* SCNavigationPushAnimation.m */ = {isa = PBXFileReference; fileEncoding = 4; lastKnownFileType = sourcecode.c.objc; path = SCNavigationPushAnimation.m; sourceTree = "<group>"; };
		180254AD1D46006500E39B21 /* SCViewController+NaviBar.h */ = {isa = PBXFileReference; fileEncoding = 4; lastKnownFileType = sourcecode.c.h; path = "SCViewController+NaviBar.h"; sourceTree = "<group>"; };
		180254AE1D46006500E39B21 /* SCViewController+NaviBar.m */ = {isa = PBXFileReference; fileEncoding = 4; lastKnownFileType = sourcecode.c.objc; path = "SCViewController+NaviBar.m"; sourceTree = "<group>"; };
		180254AF1D46006500E39B21 /* V2NavigationBar.h */ = {isa = PBXFileReference; fileEncoding = 4; lastKnownFileType = sourcecode.c.h; path = V2NavigationBar.h; sourceTree = "<group>"; };
		180254B01D46006500E39B21 /* V2NavigationBar.m */ = {isa = PBXFileReference; fileEncoding = 4; lastKnownFileType = sourcecode.c.objc; path = V2NavigationBar.m; sourceTree = "<group>"; };
		180254B91D46014E00E39B21 /* EXTScope.h */ = {isa = PBXFileReference; fileEncoding = 4; lastKnownFileType = sourcecode.c.h; path = EXTScope.h; sourceTree = "<group>"; };
		180254BA1D46014E00E39B21 /* EXTScope.m */ = {isa = PBXFileReference; fileEncoding = 4; lastKnownFileType = sourcecode.c.objc; path = EXTScope.m; sourceTree = "<group>"; };
		180254BB1D46014E00E39B21 /* metamacros.h */ = {isa = PBXFileReference; fileEncoding = 4; lastKnownFileType = sourcecode.c.h; path = metamacros.h; sourceTree = "<group>"; };
		180254BE1D46034100E39B21 /* UIImage+Tint.h */ = {isa = PBXFileReference; fileEncoding = 4; lastKnownFileType = sourcecode.c.h; path = "UIImage+Tint.h"; sourceTree = "<group>"; };
		180254BF1D46034100E39B21 /* UIImage+Tint.m */ = {isa = PBXFileReference; fileEncoding = 4; lastKnownFileType = sourcecode.c.objc; path = "UIImage+Tint.m"; sourceTree = "<group>"; };
		180254C11D46035000E39B21 /* UIImage+Cache.h */ = {isa = PBXFileReference; fileEncoding = 4; lastKnownFileType = sourcecode.c.h; path = "UIImage+Cache.h"; sourceTree = "<group>"; };
		180254C21D46035000E39B21 /* UIImage+Cache.m */ = {isa = PBXFileReference; fileEncoding = 4; lastKnownFileType = sourcecode.c.objc; path = "UIImage+Cache.m"; sourceTree = "<group>"; };
		180254C41D46037100E39B21 /* V2Helper.h */ = {isa = PBXFileReference; fileEncoding = 4; lastKnownFileType = sourcecode.c.h; path = V2Helper.h; sourceTree = "<group>"; };
		180254C51D46037100E39B21 /* V2Helper.m */ = {isa = PBXFileReference; fileEncoding = 4; lastKnownFileType = sourcecode.c.objc; path = V2Helper.m; sourceTree = "<group>"; };
		18C3AC731D41FABF001FE82B /* V2ex_learning.app */ = {isa = PBXFileReference; explicitFileType = wrapper.application; includeInIndex = 0; path = V2ex_learning.app; sourceTree = BUILT_PRODUCTS_DIR; };
		18C3AC771D41FABF001FE82B /* main.m */ = {isa = PBXFileReference; lastKnownFileType = sourcecode.c.objc; path = main.m; sourceTree = "<group>"; };
		18C3AC791D41FABF001FE82B /* AppDelegate.h */ = {isa = PBXFileReference; lastKnownFileType = sourcecode.c.h; path = AppDelegate.h; sourceTree = "<group>"; };
		18C3AC7A1D41FABF001FE82B /* AppDelegate.m */ = {isa = PBXFileReference; lastKnownFileType = sourcecode.c.objc; path = AppDelegate.m; sourceTree = "<group>"; };
		18C3AC7C1D41FABF001FE82B /* ViewController.h */ = {isa = PBXFileReference; lastKnownFileType = sourcecode.c.h; path = ViewController.h; sourceTree = "<group>"; };
		18C3AC7D1D41FABF001FE82B /* ViewController.m */ = {isa = PBXFileReference; lastKnownFileType = sourcecode.c.objc; path = ViewController.m; sourceTree = "<group>"; };
		18C3AC801D41FABF001FE82B /* Base */ = {isa = PBXFileReference; lastKnownFileType = file.storyboard; name = Base; path = Base.lproj/Main.storyboard; sourceTree = "<group>"; };
		18C3AC821D41FABF001FE82B /* Assets.xcassets */ = {isa = PBXFileReference; lastKnownFileType = folder.assetcatalog; path = Assets.xcassets; sourceTree = "<group>"; };
		18C3AC851D41FABF001FE82B /* Base */ = {isa = PBXFileReference; lastKnownFileType = file.storyboard; name = Base; path = Base.lproj/LaunchScreen.storyboard; sourceTree = "<group>"; };
		18C3AC871D41FABF001FE82B /* Info.plist */ = {isa = PBXFileReference; lastKnownFileType = text.plist.xml; path = Info.plist; sourceTree = "<group>"; };
		18E4D2211D45AAF40081FCC0 /* V2RootViewController.h */ = {isa = PBXFileReference; fileEncoding = 4; lastKnownFileType = sourcecode.c.h; path = V2RootViewController.h; sourceTree = "<group>"; };
		18E4D2221D45AAF40081FCC0 /* V2RootViewController.m */ = {isa = PBXFileReference; fileEncoding = 4; lastKnownFileType = sourcecode.c.objc; path = V2RootViewController.m; sourceTree = "<group>"; };
		18E4D2241D45AB0F0081FCC0 /* V2LoginViewController.h */ = {isa = PBXFileReference; fileEncoding = 4; lastKnownFileType = sourcecode.c.h; path = V2LoginViewController.h; sourceTree = "<group>"; };
		18E4D2251D45AB0F0081FCC0 /* V2LoginViewController.m */ = {isa = PBXFileReference; fileEncoding = 4; lastKnownFileType = sourcecode.c.objc; path = V2LoginViewController.m; sourceTree = "<group>"; };
		18E4D2291D45AB930081FCC0 /* SCPullRefreshViewController.h */ = {isa = PBXFileReference; fileEncoding = 4; lastKnownFileType = sourcecode.c.h; path = SCPullRefreshViewController.h; sourceTree = "<group>"; };
		18E4D22A1D45AB930081FCC0 /* SCPullRefreshViewController.m */ = {isa = PBXFileReference; fileEncoding = 4; lastKnownFileType = sourcecode.c.objc; path = SCPullRefreshViewController.m; sourceTree = "<group>"; };
		18E4D22C1D45ABB30081FCC0 /* SCAnimationView.h */ = {isa = PBXFileReference; fileEncoding = 4; lastKnownFileType = sourcecode.c.h; path = SCAnimationView.h; sourceTree = "<group>"; };
		18E4D22D1D45ABB30081FCC0 /* SCAnimationView.m */ = {isa = PBXFileReference; fileEncoding = 4; lastKnownFileType = sourcecode.c.objc; path = SCAnimationView.m; sourceTree = "<group>"; };
		18E4D2331D45AE8E0081FCC0 /* CAAnimation+BlocksAddition.h */ = {isa = PBXFileReference; fileEncoding = 4; lastKnownFileType = sourcecode.c.h; path = "CAAnimation+BlocksAddition.h"; sourceTree = "<group>"; };
		18E4D2341D45AE8E0081FCC0 /* CAAnimation+BlocksAddition.m */ = {isa = PBXFileReference; fileEncoding = 4; lastKnownFileType = sourcecode.c.objc; path = "CAAnimation+BlocksAddition.m"; sourceTree = "<group>"; };
		18E4D2361D45AED10081FCC0 /* V2SettingViewController.h */ = {isa = PBXFileReference; fileEncoding = 4; lastKnownFileType = sourcecode.c.h; path = V2SettingViewController.h; sourceTree = "<group>"; };
		18E4D2371D45AED10081FCC0 /* V2SettingViewController.m */ = {isa = PBXFileReference; fileEncoding = 4; lastKnownFileType = sourcecode.c.objc; path = V2SettingViewController.m; sourceTree = "<group>"; };
		18E4D2391D45B74D0081FCC0 /* V2ex_learning-iOS-Prefix.pch */ = {isa = PBXFileReference; fileEncoding = 4; lastKnownFileType = sourcecode.c.h; path = "V2ex_learning-iOS-Prefix.pch"; sourceTree = "<group>"; };
		5456D5395E97339A3073D58F /* libPods-V2ex_learning.a */ = {isa = PBXFileReference; explicitFileType = archive.ar; includeInIndex = 0; path = "libPods-V2ex_learning.a"; sourceTree = BUILT_PRODUCTS_DIR; };
		58CF5D50B0B996C6F234DEB7 /* Pods-V2ex_learning.release.xcconfig */ = {isa = PBXFileReference; includeInIndex = 1; lastKnownFileType = text.xcconfig; name = "Pods-V2ex_learning.release.xcconfig"; path = "Pods/Target Support Files/Pods-V2ex_learning/Pods-V2ex_learning.release.xcconfig"; sourceTree = "<group>"; };
		EA9809F56FD2012FEE8190B8 /* Pods-V2ex_learning.debug.xcconfig */ = {isa = PBXFileReference; includeInIndex = 1; lastKnownFileType = text.xcconfig; name = "Pods-V2ex_learning.debug.xcconfig"; path = "Pods/Target Support Files/Pods-V2ex_learning/Pods-V2ex_learning.debug.xcconfig"; sourceTree = "<group>"; };
/* End PBXFileReference section */

/* Begin PBXFrameworksBuildPhase section */
		18C3AC701D41FABF001FE82B /* Frameworks */ = {
			isa = PBXFrameworksBuildPhase;
			buildActionMask = 2147483647;
			files = (
				F000FF0220D54083F3FD4562 /* libPods-V2ex_learning.a in Frameworks */,
			);
			runOnlyForDeploymentPostprocessing = 0;
		};
/* End PBXFrameworksBuildPhase section */

/* Begin PBXGroup section */
		180254931D45BB0D00E39B21 /* FrameAccessor */ = {
			isa = PBXGroup;
			children = (
				1802549A1D45BB8A00E39B21 /* FrameAccessor.h */,
				180254941D45BB6400E39B21 /* UIView+ViewFrameAccessor.h */,
				180254951D45BB6400E39B21 /* UIView+ViewFrameAccessor.m */,
				180254971D45BB7A00E39B21 /* UIScrollView+FrameAccessor.h */,
				180254981D45BB7A00E39B21 /* UIScrollView+FrameAccessor.m */,
			);
			path = FrameAccessor;
			sourceTree = "<group>";
		};
		180254A11D46006500E39B21 /* SCNavitagionController */ = {
			isa = PBXGroup;
			children = (
				180254A21D46006500E39B21 /* SCBarButtonItem.h */,
				180254A31D46006500E39B21 /* SCBarButtonItem.m */,
				180254A41D46006500E39B21 /* SCNavigation.h */,
				180254A51D46006500E39B21 /* SCNavigationController.h */,
				180254A61D46006500E39B21 /* SCNavigationController.m */,
				180254A71D46006500E39B21 /* SCNavigationItem.h */,
				180254A81D46006500E39B21 /* SCNavigationItem.m */,
				180254A91D46006500E39B21 /* SCNavigationPopAnimation.h */,
				180254AA1D46006500E39B21 /* SCNavigationPopAnimation.m */,
				180254AB1D46006500E39B21 /* SCNavigationPushAnimation.h */,
				180254AC1D46006500E39B21 /* SCNavigationPushAnimation.m */,
				180254AD1D46006500E39B21 /* SCViewController+NaviBar.h */,
				180254AE1D46006500E39B21 /* SCViewController+NaviBar.m */,
				180254AF1D46006500E39B21 /* V2NavigationBar.h */,
				180254B01D46006500E39B21 /* V2NavigationBar.m */,
			);
			path = SCNavitagionController;
			sourceTree = "<group>";
		};
		180254B81D46014E00E39B21 /* EXTScope */ = {
			isa = PBXGroup;
			children = (
				180254B91D46014E00E39B21 /* EXTScope.h */,
				180254BA1D46014E00E39B21 /* EXTScope.m */,
				180254BB1D46014E00E39B21 /* metamacros.h */,
			);
			path = EXTScope;
			sourceTree = "<group>";
		};
		180254BD1D46031400E39B21 /* Helper */ = {
			isa = PBXGroup;
			children = (
				180254BE1D46034100E39B21 /* UIImage+Tint.h */,
				180254BF1D46034100E39B21 /* UIImage+Tint.m */,
				180254C11D46035000E39B21 /* UIImage+Cache.h */,
				180254C21D46035000E39B21 /* UIImage+Cache.m */,
				180254C41D46037100E39B21 /* V2Helper.h */,
				180254C51D46037100E39B21 /* V2Helper.m */,
			);
			path = Helper;
			sourceTree = "<group>";
		};
		18C3AC6A1D41FABF001FE82B = {
			isa = PBXGroup;
			children = (
				18C3AC751D41FABF001FE82B /* V2ex_learning */,
				18C3AC741D41FABF001FE82B /* Products */,
				3C336D280881B8977ED7AA2E /* Pods */,
				24DBDD059D81F7DADB813E9E /* Frameworks */,
			);
			sourceTree = "<group>";
		};
		18C3AC741D41FABF001FE82B /* Products */ = {
			isa = PBXGroup;
			children = (
				18C3AC731D41FABF001FE82B /* V2ex_learning.app */,
			);
			name = Products;
			sourceTree = "<group>";
		};
		18C3AC751D41FABF001FE82B /* V2ex_learning */ = {
			isa = PBXGroup;
			children = (
				18E4D21B1D45A9A20081FCC0 /* Additions */,
				18E4D21C1D45A9A20081FCC0 /* Controllers */,
				18E4D21D1D45A9A20081FCC0 /* Managers */,
				18E4D21E1D45A9A20081FCC0 /* Models */,
				18E4D2201D45A9A20081FCC0 /* Views */,
				18E4D21F1D45A9A20081FCC0 /* Resources */,
				18C3AC761D41FABF001FE82B /* Supporting Files */,
			);
			path = V2ex_learning;
			sourceTree = "<group>";
		};
		18C3AC761D41FABF001FE82B /* Supporting Files */ = {
			isa = PBXGroup;
			children = (
				18C3AC771D41FABF001FE82B /* main.m */,
				18C3AC791D41FABF001FE82B /* AppDelegate.h */,
				18C3AC7A1D41FABF001FE82B /* AppDelegate.m */,
				18C3AC7C1D41FABF001FE82B /* ViewController.h */,
				18C3AC7D1D41FABF001FE82B /* ViewController.m */,
				18C3AC7F1D41FABF001FE82B /* Main.storyboard */,
				18C3AC821D41FABF001FE82B /* Assets.xcassets */,
				18C3AC841D41FABF001FE82B /* LaunchScreen.storyboard */,
				18C3AC871D41FABF001FE82B /* Info.plist */,
				18E4D2391D45B74D0081FCC0 /* V2ex_learning-iOS-Prefix.pch */,
			);
			name = "Supporting Files";
			sourceTree = "<group>";
		};
		18E4D21B1D45A9A20081FCC0 /* Additions */ = {
			isa = PBXGroup;
			children = (
				180254BD1D46031400E39B21 /* Helper */,
				180254B81D46014E00E39B21 /* EXTScope */,
				180254A11D46006500E39B21 /* SCNavitagionController */,
				180254931D45BB0D00E39B21 /* FrameAccessor */,
				18E4D2271D45AB760081FCC0 /* SCPullRefresh */,
			);
			path = Additions;
			sourceTree = "<group>";
		};
		18E4D21C1D45A9A20081FCC0 /* Controllers */ = {
			isa = PBXGroup;
			children = (
				18E4D2211D45AAF40081FCC0 /* V2RootViewController.h */,
				18E4D2221D45AAF40081FCC0 /* V2RootViewController.m */,
				18E4D2241D45AB0F0081FCC0 /* V2LoginViewController.h */,
				18E4D2251D45AB0F0081FCC0 /* V2LoginViewController.m */,
				18E4D2361D45AED10081FCC0 /* V2SettingViewController.h */,
				18E4D2371D45AED10081FCC0 /* V2SettingViewController.m */,
			);
			path = Controllers;
			sourceTree = "<group>";
		};
		18E4D21D1D45A9A20081FCC0 /* Managers */ = {
			isa = PBXGroup;
			children = (
				1802549B1D45E65100E39B21 /* V2SettingManager.h */,
				1802549C1D45E65100E39B21 /* V2SettingManager.m */,
				1802549E1D45F48100E39B21 /* V2DataManager.h */,
				1802549F1D45F48100E39B21 /* V2DataManager.m */,
			);
			path = Managers;
			sourceTree = "<group>";
		};
		18E4D21E1D45A9A20081FCC0 /* Models */ = {
			isa = PBXGroup;
			children = (
			);
			path = Models;
			sourceTree = "<group>";
		};
		18E4D21F1D45A9A20081FCC0 /* Resources */ = {
			isa = PBXGroup;
			children = (
			);
			path = Resources;
			sourceTree = "<group>";
		};
		18E4D2201D45A9A20081FCC0 /* Views */ = {
			isa = PBXGroup;
			children = (
			);
			path = Views;
			sourceTree = "<group>";
		};
		18E4D2271D45AB760081FCC0 /* SCPullRefresh */ = {
			isa = PBXGroup;
			children = (
				18E4D2321D45AE580081FCC0 /* CAAnimationBlocks */,
				18E4D2291D45AB930081FCC0 /* SCPullRefreshViewController.h */,
				18E4D22A1D45AB930081FCC0 /* SCPullRefreshViewController.m */,
				18E4D22C1D45ABB30081FCC0 /* SCAnimationView.h */,
				18E4D22D1D45ABB30081FCC0 /* SCAnimationView.m */,
			);
			path = SCPullRefresh;
			sourceTree = "<group>";
		};
		18E4D2321D45AE580081FCC0 /* CAAnimationBlocks */ = {
			isa = PBXGroup;
			children = (
				18E4D2331D45AE8E0081FCC0 /* CAAnimation+BlocksAddition.h */,
				18E4D2341D45AE8E0081FCC0 /* CAAnimation+BlocksAddition.m */,
			);
			path = CAAnimationBlocks;
			sourceTree = "<group>";
		};
		24DBDD059D81F7DADB813E9E /* Frameworks */ = {
			isa = PBXGroup;
			children = (
				5456D5395E97339A3073D58F /* libPods-V2ex_learning.a */,
			);
			name = Frameworks;
			sourceTree = "<group>";
		};
		3C336D280881B8977ED7AA2E /* Pods */ = {
			isa = PBXGroup;
			children = (
				EA9809F56FD2012FEE8190B8 /* Pods-V2ex_learning.debug.xcconfig */,
				58CF5D50B0B996C6F234DEB7 /* Pods-V2ex_learning.release.xcconfig */,
			);
			name = Pods;
			sourceTree = "<group>";
		};
/* End PBXGroup section */

/* Begin PBXNativeTarget section */
		18C3AC721D41FABF001FE82B /* V2ex_learning */ = {
			isa = PBXNativeTarget;
			buildConfigurationList = 18C3AC8A1D41FABF001FE82B /* Build configuration list for PBXNativeTarget "V2ex_learning" */;
			buildPhases = (
				F642F3BF96A25AB01A575A75 /* [CP] Check Pods Manifest.lock */,
				18C3AC6F1D41FABF001FE82B /* Sources */,
				18C3AC701D41FABF001FE82B /* Frameworks */,
				18C3AC711D41FABF001FE82B /* Resources */,
				CD0CEE563F8DF4F9C19B7FCE /* [CP] Embed Pods Frameworks */,
				C287E5FB002713EFD1AFF7DC /* [CP] Copy Pods Resources */,
			);
			buildRules = (
			);
			dependencies = (
			);
			name = V2ex_learning;
			productName = V2ex_learning;
			productReference = 18C3AC731D41FABF001FE82B /* V2ex_learning.app */;
			productType = "com.apple.product-type.application";
		};
/* End PBXNativeTarget section */

/* Begin PBXProject section */
		18C3AC6B1D41FABF001FE82B /* Project object */ = {
			isa = PBXProject;
			attributes = {
				LastUpgradeCheck = 0730;
				ORGANIZATIONNAME = apple;
				TargetAttributes = {
					18C3AC721D41FABF001FE82B = {
						CreatedOnToolsVersion = 7.3.1;
					};
				};
			};
			buildConfigurationList = 18C3AC6E1D41FABF001FE82B /* Build configuration list for PBXProject "V2ex_learning" */;
			compatibilityVersion = "Xcode 3.2";
			developmentRegion = English;
			hasScannedForEncodings = 0;
			knownRegions = (
				en,
				Base,
			);
			mainGroup = 18C3AC6A1D41FABF001FE82B;
			productRefGroup = 18C3AC741D41FABF001FE82B /* Products */;
			projectDirPath = "";
			projectRoot = "";
			targets = (
				18C3AC721D41FABF001FE82B /* V2ex_learning */,
			);
		};
/* End PBXProject section */

/* Begin PBXResourcesBuildPhase section */
		18C3AC711D41FABF001FE82B /* Resources */ = {
			isa = PBXResourcesBuildPhase;
			buildActionMask = 2147483647;
			files = (
				18C3AC861D41FABF001FE82B /* LaunchScreen.storyboard in Resources */,
				18C3AC831D41FABF001FE82B /* Assets.xcassets in Resources */,
				18C3AC811D41FABF001FE82B /* Main.storyboard in Resources */,
			);
			runOnlyForDeploymentPostprocessing = 0;
		};
/* End PBXResourcesBuildPhase section */

/* Begin PBXShellScriptBuildPhase section */
		C287E5FB002713EFD1AFF7DC /* [CP] Copy Pods Resources */ = {
			isa = PBXShellScriptBuildPhase;
			buildActionMask = 2147483647;
			files = (
			);
			inputPaths = (
			);
			name = "[CP] Copy Pods Resources";
			outputPaths = (
			);
			runOnlyForDeploymentPostprocessing = 0;
			shellPath = /bin/sh;
			shellScript = "\"${SRCROOT}/Pods/Target Support Files/Pods-V2ex_learning/Pods-V2ex_learning-resources.sh\"\n";
			showEnvVarsInLog = 0;
		};
		CD0CEE563F8DF4F9C19B7FCE /* [CP] Embed Pods Frameworks */ = {
			isa = PBXShellScriptBuildPhase;
			buildActionMask = 2147483647;
			files = (
			);
			inputPaths = (
			);
			name = "[CP] Embed Pods Frameworks";
			outputPaths = (
			);
			runOnlyForDeploymentPostprocessing = 0;
			shellPath = /bin/sh;
			shellScript = "\"${SRCROOT}/Pods/Target Support Files/Pods-V2ex_learning/Pods-V2ex_learning-frameworks.sh\"\n";
			showEnvVarsInLog = 0;
		};
		F642F3BF96A25AB01A575A75 /* [CP] Check Pods Manifest.lock */ = {
			isa = PBXShellScriptBuildPhase;
			buildActionMask = 2147483647;
			files = (
			);
			inputPaths = (
			);
			name = "[CP] Check Pods Manifest.lock";
			outputPaths = (
			);
			runOnlyForDeploymentPostprocessing = 0;
			shellPath = /bin/sh;
			shellScript = "diff \"${PODS_ROOT}/../Podfile.lock\" \"${PODS_ROOT}/Manifest.lock\" > /dev/null\nif [[ $? != 0 ]] ; then\n    cat << EOM\nerror: The sandbox is not in sync with the Podfile.lock. Run 'pod install' or update your CocoaPods installation.\nEOM\n    exit 1\nfi\n";
			showEnvVarsInLog = 0;
		};
/* End PBXShellScriptBuildPhase section */

/* Begin PBXSourcesBuildPhase section */
		18C3AC6F1D41FABF001FE82B /* Sources */ = {
			isa = PBXSourcesBuildPhase;
			buildActionMask = 2147483647;
			files = (
				18E4D2351D45AE8E0081FCC0 /* CAAnimation+BlocksAddition.m in Sources */,
				18E4D2261D45AB0F0081FCC0 /* V2LoginViewController.m in Sources */,
				180254B31D46006500E39B21 /* SCNavigationItem.m in Sources */,
				180254BC1D46014E00E39B21 /* EXTScope.m in Sources */,
				180254991D45BB7A00E39B21 /* UIScrollView+FrameAccessor.m in Sources */,
				180254A01D45F48100E39B21 /* V2DataManager.m in Sources */,
				180254B71D46006500E39B21 /* V2NavigationBar.m in Sources */,
				180254961D45BB6400E39B21 /* UIView+ViewFrameAccessor.m in Sources */,
				18E4D2231D45AAF40081FCC0 /* V2RootViewController.m in Sources */,
				180254B61D46006500E39B21 /* SCViewController+NaviBar.m in Sources */,
				180254C31D46035000E39B21 /* UIImage+Cache.m in Sources */,
				180254C01D46034100E39B21 /* UIImage+Tint.m in Sources */,
				18C3AC7E1D41FABF001FE82B /* ViewController.m in Sources */,
				180254C61D46037100E39B21 /* V2Helper.m in Sources */,
				18E4D22B1D45AB930081FCC0 /* SCPullRefreshViewController.m in Sources */,
				18E4D22E1D45ABB30081FCC0 /* SCAnimationView.m in Sources */,
				180254B51D46006500E39B21 /* SCNavigationPushAnimation.m in Sources */,
				18E4D2381D45AED10081FCC0 /* V2SettingViewController.m in Sources */,
				180254B21D46006500E39B21 /* SCNavigationController.m in Sources */,
				180254B41D46006500E39B21 /* SCNavigationPopAnimation.m in Sources */,
				180254B11D46006500E39B21 /* SCBarButtonItem.m in Sources */,
				18C3AC7B1D41FABF001FE82B /* AppDelegate.m in Sources */,
				1802549D1D45E65100E39B21 /* V2SettingManager.m in Sources */,
				18C3AC781D41FABF001FE82B /* main.m in Sources */,
			);
			runOnlyForDeploymentPostprocessing = 0;
		};
/* End PBXSourcesBuildPhase section */

/* Begin PBXVariantGroup section */
		18C3AC7F1D41FABF001FE82B /* Main.storyboard */ = {
			isa = PBXVariantGroup;
			children = (
				18C3AC801D41FABF001FE82B /* Base */,
			);
			name = Main.storyboard;
			sourceTree = "<group>";
		};
		18C3AC841D41FABF001FE82B /* LaunchScreen.storyboard */ = {
			isa = PBXVariantGroup;
			children = (
				18C3AC851D41FABF001FE82B /* Base */,
			);
			name = LaunchScreen.storyboard;
			sourceTree = "<group>";
		};
/* End PBXVariantGroup section */

/* Begin XCBuildConfiguration section */
		18C3AC881D41FABF001FE82B /* Debug */ = {
			isa = XCBuildConfiguration;
			buildSettings = {
				ALWAYS_SEARCH_USER_PATHS = NO;
				CLANG_ANALYZER_NONNULL = YES;
				CLANG_CXX_LANGUAGE_STANDARD = "gnu++0x";
				CLANG_CXX_LIBRARY = "libc++";
				CLANG_ENABLE_MODULES = YES;
				CLANG_ENABLE_OBJC_ARC = YES;
				CLANG_WARN_BOOL_CONVERSION = YES;
				CLANG_WARN_CONSTANT_CONVERSION = YES;
				CLANG_WARN_DIRECT_OBJC_ISA_USAGE = YES_ERROR;
				CLANG_WARN_EMPTY_BODY = YES;
				CLANG_WARN_ENUM_CONVERSION = YES;
				CLANG_WARN_INT_CONVERSION = YES;
				CLANG_WARN_OBJC_ROOT_CLASS = YES_ERROR;
				CLANG_WARN_UNREACHABLE_CODE = YES;
				CLANG_WARN__DUPLICATE_METHOD_MATCH = YES;
				"CODE_SIGN_IDENTITY[sdk=iphoneos*]" = "iPhone Developer";
				COPY_PHASE_STRIP = NO;
				DEBUG_INFORMATION_FORMAT = dwarf;
				ENABLE_STRICT_OBJC_MSGSEND = YES;
				ENABLE_TESTABILITY = YES;
				GCC_C_LANGUAGE_STANDARD = gnu99;
				GCC_DYNAMIC_NO_PIC = NO;
				GCC_NO_COMMON_BLOCKS = YES;
				GCC_OPTIMIZATION_LEVEL = 0;
				GCC_PREPROCESSOR_DEFINITIONS = (
					"DEBUG=1",
					"$(inherited)",
				);
				GCC_WARN_64_TO_32_BIT_CONVERSION = YES;
				GCC_WARN_ABOUT_RETURN_TYPE = YES_ERROR;
				GCC_WARN_UNDECLARED_SELECTOR = YES;
				GCC_WARN_UNINITIALIZED_AUTOS = YES_AGGRESSIVE;
				GCC_WARN_UNUSED_FUNCTION = YES;
				GCC_WARN_UNUSED_VARIABLE = YES;
				IPHONEOS_DEPLOYMENT_TARGET = 9.3;
				MTL_ENABLE_DEBUG_INFO = YES;
				ONLY_ACTIVE_ARCH = YES;
				SDKROOT = iphoneos;
			};
			name = Debug;
		};
		18C3AC891D41FABF001FE82B /* Release */ = {
			isa = XCBuildConfiguration;
			buildSettings = {
				ALWAYS_SEARCH_USER_PATHS = NO;
				CLANG_ANALYZER_NONNULL = YES;
				CLANG_CXX_LANGUAGE_STANDARD = "gnu++0x";
				CLANG_CXX_LIBRARY = "libc++";
				CLANG_ENABLE_MODULES = YES;
				CLANG_ENABLE_OBJC_ARC = YES;
				CLANG_WARN_BOOL_CONVERSION = YES;
				CLANG_WARN_CONSTANT_CONVERSION = YES;
				CLANG_WARN_DIRECT_OBJC_ISA_USAGE = YES_ERROR;
				CLANG_WARN_EMPTY_BODY = YES;
				CLANG_WARN_ENUM_CONVERSION = YES;
				CLANG_WARN_INT_CONVERSION = YES;
				CLANG_WARN_OBJC_ROOT_CLASS = YES_ERROR;
				CLANG_WARN_UNREACHABLE_CODE = YES;
				CLANG_WARN__DUPLICATE_METHOD_MATCH = YES;
				"CODE_SIGN_IDENTITY[sdk=iphoneos*]" = "iPhone Developer";
				COPY_PHASE_STRIP = NO;
				DEBUG_INFORMATION_FORMAT = "dwarf-with-dsym";
				ENABLE_NS_ASSERTIONS = NO;
				ENABLE_STRICT_OBJC_MSGSEND = YES;
				GCC_C_LANGUAGE_STANDARD = gnu99;
				GCC_NO_COMMON_BLOCKS = YES;
				GCC_WARN_64_TO_32_BIT_CONVERSION = YES;
				GCC_WARN_ABOUT_RETURN_TYPE = YES_ERROR;
				GCC_WARN_UNDECLARED_SELECTOR = YES;
				GCC_WARN_UNINITIALIZED_AUTOS = YES_AGGRESSIVE;
				GCC_WARN_UNUSED_FUNCTION = YES;
				GCC_WARN_UNUSED_VARIABLE = YES;
				IPHONEOS_DEPLOYMENT_TARGET = 9.3;
				MTL_ENABLE_DEBUG_INFO = NO;
				SDKROOT = iphoneos;
				VALIDATE_PRODUCT = YES;
			};
			name = Release;
		};
		18C3AC8B1D41FABF001FE82B /* Debug */ = {
			isa = XCBuildConfiguration;
			baseConfigurationReference = EA9809F56FD2012FEE8190B8 /* Pods-V2ex_learning.debug.xcconfig */;
			buildSettings = {
				ASSETCATALOG_COMPILER_APPICON_NAME = AppIcon;
				GCC_PRECOMPILE_PREFIX_HEADER = YES;
				GCC_PREFIX_HEADER = "V2ex_learning/V2ex_learning-iOS-Prefix.pch";
				INFOPLIST_FILE = V2ex_learning/Info.plist;
				LD_RUNPATH_SEARCH_PATHS = "$(inherited) @executable_path/Frameworks";
				PRODUCT_BUNDLE_IDENTIFIER = "yjh.V2ex-learning";
				PRODUCT_NAME = "$(TARGET_NAME)";
			};
			name = Debug;
		};
		18C3AC8C1D41FABF001FE82B /* Release */ = {
			isa = XCBuildConfiguration;
			baseConfigurationReference = 58CF5D50B0B996C6F234DEB7 /* Pods-V2ex_learning.release.xcconfig */;
			buildSettings = {
				ASSETCATALOG_COMPILER_APPICON_NAME = AppIcon;
				GCC_PRECOMPILE_PREFIX_HEADER = YES;
				GCC_PREFIX_HEADER = "V2ex_learning/V2ex_learning-iOS-Prefix.pch";
				INFOPLIST_FILE = V2ex_learning/Info.plist;
				LD_RUNPATH_SEARCH_PATHS = "$(inherited) @executable_path/Frameworks";
				PRODUCT_BUNDLE_IDENTIFIER = "yjh.V2ex-learning";
				PRODUCT_NAME = "$(TARGET_NAME)";
			};
			name = Release;
		};
/* End XCBuildConfiguration section */

/* Begin XCConfigurationList section */
		18C3AC6E1D41FABF001FE82B /* Build configuration list for PBXProject "V2ex_learning" */ = {
			isa = XCConfigurationList;
			buildConfigurations = (
				18C3AC881D41FABF001FE82B /* Debug */,
				18C3AC891D41FABF001FE82B /* Release */,
			);
			defaultConfigurationIsVisible = 0;
			defaultConfigurationName = Release;
		};
		18C3AC8A1D41FABF001FE82B /* Build configuration list for PBXNativeTarget "V2ex_learning" */ = {
			isa = XCConfigurationList;
			buildConfigurations = (
				18C3AC8B1D41FABF001FE82B /* Debug */,
				18C3AC8C1D41FABF001FE82B /* Release */,
			);
			defaultConfigurationIsVisible = 0;
			defaultConfigurationName = Release;
		};
/* End XCConfigurationList section */
	};
	rootObject = 18C3AC6B1D41FABF001FE82B /* Project object */;
}
